
Microsoft Visual Studio Solution File, Format Version 12.00
# Visual Studio Version 16
VisualStudioVersion = 16.0.31205.134
MinimumVisualStudioVersion = 10.0.40219.1
Project("{9A19103F-16F7-4668-BE54-9A1E7A4F7556}") = "CinemaluxAPI", "CinemaluxAPI\CinemaluxAPI.csproj", "{EE79CC35-D2B0-42F0-903C-2CB7BA7FAA19}"
EndProject
Project("{FAE04EC0-301F-11D3-BF4B-00C04F79EFBC}") = "Test", "Test\Test.csproj", "{516614AE-2E06-4A40-ACD0-61A137D51376}"
EndProject
Global
	GlobalSection(SolutionConfigurationPlatforms) = preSolution
		Debug|Any CPU = Debug|Any CPU
		Release|Any CPU = Release|Any CPU
	EndGlobalSection
	GlobalSection(ProjectConfigurationPlatforms) = postSolution
		{EE79CC35-D2B0-42F0-903C-2CB7BA7FAA19}.Debug|Any CPU.ActiveCfg = Debug|Any CPU
		{EE79CC35-D2B0-42F0-903C-2CB7BA7FAA19}.Debug|Any CPU.Build.0 = Debug|Any CPU
		{EE79CC35-D2B0-42F0-903C-2CB7BA7FAA19}.Release|Any CPU.ActiveCfg = Release|Any CPU
		{EE79CC35-D2B0-42F0-903C-2CB7BA7FAA19}.Release|Any CPU.Build.0 = Release|Any CPU
		{516614AE-2E06-4A40-ACD0-61A137D51376}.Debug|Any CPU.ActiveCfg = Debug|Any CPU
		{516614AE-2E06-4A40-ACD0-61A137D51376}.Debug|Any CPU.Build.0 = Debug|Any CPU
		{516614AE-2E06-4A40-ACD0-61A137D51376}.Release|Any CPU.ActiveCfg = Release|Any CPU
		{516614AE-2E06-4A40-ACD0-61A137D51376}.Release|Any CPU.Build.0 = Release|Any CPU
	EndGlobalSection
	GlobalSection(SolutionProperties) = preSolution
		HideSolutionNode = FALSE
	EndGlobalSection
	GlobalSection(ExtensibilityGlobals) = postSolution
		SolutionGuid = {154905E4-9A41-4A0C-895C-0975EE046787}
	EndGlobalSection
EndGlobal
